
Microsoft Visual Studio Solution File, Format Version 12.00
# Visual Studio Version 16
VisualStudioVersion = 16.0.29521.150
MinimumVisualStudioVersion = 10.0.40219.1
Project("{FAE04EC0-301F-11D3-BF4B-00C04F79EFBC}") = "WPFSampleLib", "WPFSampleLib\WPFSampleLib.csproj", "{4C9FDB56-F4FD-4572-BDB9-ABFA5462677E}"
EndProject
Project("{FAE04EC0-301F-11D3-BF4B-00C04F79EFBC}") = "WPFSample", "WPFSample\WPFSample.csproj", "{0D56790C-B08B-4A49-A167-FD71DEDF2DB2}"
EndProject
Global
	GlobalSection(SolutionConfigurationPlatforms) = preSolution
		Debug|Any CPU = Debug|Any CPU
		Release|Any CPU = Release|Any CPU
	EndGlobalSection
	GlobalSection(ProjectConfigurationPlatforms) = postSolution
		{4C9FDB56-F4FD-4572-BDB9-ABFA5462677E}.Debug|Any CPU.ActiveCfg = Debug|Any CPU
		{4C9FDB56-F4FD-4572-BDB9-ABFA5462677E}.Debug|Any CPU.Build.0 = Debug|Any CPU
		{4C9FDB56-F4FD-4572-BDB9-ABFA5462677E}.Release|Any CPU.ActiveCfg = Release|Any CPU
		{4C9FDB56-F4FD-4572-BDB9-ABFA5462677E}.Release|Any CPU.Build.0 = Release|Any CPU
		{0D56790C-B08B-4A49-A167-FD71DEDF2DB2}.Debug|Any CPU.ActiveCfg = Debug|Any CPU
		{0D56790C-B08B-4A49-A167-FD71DEDF2DB2}.Debug|Any CPU.Build.0 = Debug|Any CPU
		{0D56790C-B08B-4A49-A167-FD71DEDF2DB2}.Release|Any CPU.ActiveCfg = Release|Any CPU
		{0D56790C-B08B-4A49-A167-FD71DEDF2DB2}.Release|Any CPU.Build.0 = Release|Any CPU
	EndGlobalSection
	GlobalSection(SolutionProperties) = preSolution
		HideSolutionNode = FALSE
	EndGlobalSection
	GlobalSection(ExtensibilityGlobals) = postSolution
		SolutionGuid = {6AA2C27A-E1D5-4C61-83B3-0D526EA52C0F}
	EndGlobalSection
EndGlobal
